
Microsoft Visual Studio Solution File, Format Version 12.00
# Visual Studio Version 16
VisualStudioVersion = 16.0.31515.178
MinimumVisualStudioVersion = 10.0.40219.1
Project("{8BC9CEB8-8B4A-11D0-8D11-00A0C91BC942}") = "OOPSubmission", "OOPSubmission.vcxproj", "{AC337C2C-C91B-46F0-AD3C-E4429210441F}"
EndProject
Global
	GlobalSection(SolutionConfigurationPlatforms) = preSolution
		Debug|x64 = Debug|x64
		Debug|x86 = Debug|x86
		Release|x64 = Release|x64
		Release|x86 = Release|x86
	EndGlobalSection
	GlobalSection(ProjectConfigurationPlatforms) = postSolution
		{AC337C2C-C91B-46F0-AD3C-E4429210441F}.Debug|x64.ActiveCfg = Debug|x64
		{AC337C2C-C91B-46F0-AD3C-E4429210441F}.Debug|x64.Build.0 = Debug|x64
		{AC337C2C-C91B-46F0-AD3C-E4429210441F}.Debug|x86.ActiveCfg = Debug|Win32
		{AC337C2C-C91B-46F0-AD3C-E4429210441F}.Debug|x86.Build.0 = Debug|Win32
		{AC337C2C-C91B-46F0-AD3C-E4429210441F}.Release|x64.ActiveCfg = Release|x64
		{AC337C2C-C91B-46F0-AD3C-E4429210441F}.Release|x64.Build.0 = Release|x64
		{AC337C2C-C91B-46F0-AD3C-E4429210441F}.Release|x86.ActiveCfg = Release|Win32
		{AC337C2C-C91B-46F0-AD3C-E4429210441F}.Release|x86.Build.0 = Release|Win32
	EndGlobalSection
	GlobalSection(SolutionProperties) = preSolution
		HideSolutionNode = FALSE
	EndGlobalSection
	GlobalSection(ExtensibilityGlobals) = postSolution
		SolutionGuid = {8FA4E47D-1A19-4561-BD2B-70A85FF7006D}
	EndGlobalSection
EndGlobal
